
Microsoft Visual Studio Solution File, Format Version 12.00
# Visual Studio Version 16
VisualStudioVersion = 16.0.30711.63
MinimumVisualStudioVersion = 10.0.40219.1
Project("{FAE04EC0-301F-11D3-BF4B-00C04F79EFBC}") = "Лабораторная 2", "Лабораторная 2\Лабораторная 2.csproj", "{40136B52-E136-4CDF-894E-A37198370CED}"
EndProject
Global
	GlobalSection(SolutionConfigurationPlatforms) = preSolution
		Debug|Any CPU = Debug|Any CPU
		Release|Any CPU = Release|Any CPU
	EndGlobalSection
	GlobalSection(ProjectConfigurationPlatforms) = postSolution
		{40136B52-E136-4CDF-894E-A37198370CED}.Debug|Any CPU.ActiveCfg = Debug|Any CPU
		{40136B52-E136-4CDF-894E-A37198370CED}.Debug|Any CPU.Build.0 = Debug|Any CPU
		{40136B52-E136-4CDF-894E-A37198370CED}.Release|Any CPU.ActiveCfg = Release|Any CPU
		{40136B52-E136-4CDF-894E-A37198370CED}.Release|Any CPU.Build.0 = Release|Any CPU
	EndGlobalSection
	GlobalSection(SolutionProperties) = preSolution
		HideSolutionNode = FALSE
	EndGlobalSection
	GlobalSection(ExtensibilityGlobals) = postSolution
		SolutionGuid = {452AA21A-F356-4088-B58F-3C6034BFFDEB}
	EndGlobalSection
EndGlobal
